
Microsoft Visual Studio Solution File, Format Version 12.00
# Visual Studio Version 17
VisualStudioVersion = 17.9.34902.65
MinimumVisualStudioVersion = 10.0.40219.1
Project("{9A19103F-16F7-4668-BE54-9A1E7A4F7556}") = "CSharp.Commons", "CSharp.Commons\CSharp.Commons.csproj", "{27652751-CA3A-4490-ACFE-E0389E0C9530}"
EndProject
Project("{9A19103F-16F7-4668-BE54-9A1E7A4F7556}") = "CSharp.Authorization.Session", "CSharp.Authorization.Session\CSharp.Authorization.Session.csproj", "{C6E3AF18-487A-4D55-8F8E-54D6468B0887}"
EndProject
Project("{9A19103F-16F7-4668-BE54-9A1E7A4F7556}") = "CSharp.RestAPI.Logging", "CSharp.RestAPI.Logging\CSharp.RestAPI.Logging.csproj", "{5082E4E8-013D-4C5D-BB7F-F6A1DA98C994}"
EndProject
Project("{9A19103F-16F7-4668-BE54-9A1E7A4F7556}") = "CSharp.Authorization.OAuth", "CSharp.Authorization.OAuth\CSharp.Authorization.OAuth.csproj", "{CF369B29-DD08-4A28-9E4E-D033C133B885}"
EndProject
Project("{2150E333-8FDC-42A3-9474-1A3956D46DE8}") = "Solution Items", "Solution Items", "{3EADEAC2-8B75-4C7E-8BEC-126076E77B69}"
	ProjectSection(SolutionItems) = preProject
		.editorconfig = .editorconfig
	EndProjectSection
EndProject
Project("{FAE04EC0-301F-11D3-BF4B-00C04F79EFBC}") = "CSharp.Authorization.Token", "CSharp.Authorization.Token\CSharp.Authorization.Token.csproj", "{EC3DFC2C-A312-4EA6-BE61-FA25C9D23562}"
EndProject
Global
	GlobalSection(SolutionConfigurationPlatforms) = preSolution
		Debug|Any CPU = Debug|Any CPU
		Release|Any CPU = Release|Any CPU
	EndGlobalSection
	GlobalSection(ProjectConfigurationPlatforms) = postSolution
		{27652751-CA3A-4490-ACFE-E0389E0C9530}.Debug|Any CPU.ActiveCfg = Debug|Any CPU
		{27652751-CA3A-4490-ACFE-E0389E0C9530}.Debug|Any CPU.Build.0 = Debug|Any CPU
		{27652751-CA3A-4490-ACFE-E0389E0C9530}.Release|Any CPU.ActiveCfg = Release|Any CPU
		{27652751-CA3A-4490-ACFE-E0389E0C9530}.Release|Any CPU.Build.0 = Release|Any CPU
		{C6E3AF18-487A-4D55-8F8E-54D6468B0887}.Debug|Any CPU.ActiveCfg = Debug|Any CPU
		{C6E3AF18-487A-4D55-8F8E-54D6468B0887}.Debug|Any CPU.Build.0 = Debug|Any CPU
		{C6E3AF18-487A-4D55-8F8E-54D6468B0887}.Release|Any CPU.ActiveCfg = Release|Any CPU
		{C6E3AF18-487A-4D55-8F8E-54D6468B0887}.Release|Any CPU.Build.0 = Release|Any CPU
		{5082E4E8-013D-4C5D-BB7F-F6A1DA98C994}.Debug|Any CPU.ActiveCfg = Debug|Any CPU
		{5082E4E8-013D-4C5D-BB7F-F6A1DA98C994}.Debug|Any CPU.Build.0 = Debug|Any CPU
		{5082E4E8-013D-4C5D-BB7F-F6A1DA98C994}.Release|Any CPU.ActiveCfg = Release|Any CPU
		{5082E4E8-013D-4C5D-BB7F-F6A1DA98C994}.Release|Any CPU.Build.0 = Release|Any CPU
		{CF369B29-DD08-4A28-9E4E-D033C133B885}.Debug|Any CPU.ActiveCfg = Debug|Any CPU
		{CF369B29-DD08-4A28-9E4E-D033C133B885}.Debug|Any CPU.Build.0 = Debug|Any CPU
		{CF369B29-DD08-4A28-9E4E-D033C133B885}.Release|Any CPU.ActiveCfg = Release|Any CPU
		{CF369B29-DD08-4A28-9E4E-D033C133B885}.Release|Any CPU.Build.0 = Release|Any CPU
		{EC3DFC2C-A312-4EA6-BE61-FA25C9D23562}.Debug|Any CPU.ActiveCfg = Debug|Any CPU
		{EC3DFC2C-A312-4EA6-BE61-FA25C9D23562}.Debug|Any CPU.Build.0 = Debug|Any CPU
		{EC3DFC2C-A312-4EA6-BE61-FA25C9D23562}.Release|Any CPU.ActiveCfg = Release|Any CPU
		{EC3DFC2C-A312-4EA6-BE61-FA25C9D23562}.Release|Any CPU.Build.0 = Release|Any CPU
	EndGlobalSection
	GlobalSection(SolutionProperties) = preSolution
		HideSolutionNode = FALSE
	EndGlobalSection
	GlobalSection(ExtensibilityGlobals) = postSolution
		SolutionGuid = {9768D6F2-7A65-4860-A732-03AC0FDB65D3}
	EndGlobalSection
EndGlobal
