
Microsoft Visual Studio Solution File, Format Version 12.00
# Visual Studio Version 17
VisualStudioVersion = 17.9.34902.65
MinimumVisualStudioVersion = 10.0.40219.1
Project("{9A19103F-16F7-4668-BE54-9A1E7A4F7556}") = "CSharp.Commons", "CSharp.Commons\CSharp.Commons.csproj", "{27652751-CA3A-4490-ACFE-E0389E0C9530}"
EndProject
Project("{9A19103F-16F7-4668-BE54-9A1E7A4F7556}") = "CSharp.Authorization.Session", "CSharp.Authorization.Session\CSharp.Authorization.Session.csproj", "{C6E3AF18-487A-4D55-8F8E-54D6468B0887}"
EndProject
Project("{9A19103F-16F7-4668-BE54-9A1E7A4F7556}") = "CSharp.RestAPI.Logging", "CSharp.RestAPI.Logging\CSharp.RestAPI.Logging.csproj", "{5082E4E8-013D-4C5D-BB7F-F6A1DA98C994}"
EndProject
Project("{9A19103F-16F7-4668-BE54-9A1E7A4F7556}") = "CSharp.Authorization.OAuth", "CSharp.Authorization.OAuth\CSharp.Authorization.OAuth.csproj", "{CF369B29-DD08-4A28-9E4E-D033C133B885}"
EndProject
Project("{2150E333-8FDC-42A3-9474-1A3956D46DE8}") = "Solution Items", "Solution Items", "{3EADEAC2-8B75-4C7E-8BEC-126076E77B69}"
	ProjectSection(SolutionItems) = preProject
		.editorconfig = .editorconfig
	EndProjectSection
EndProject
Project("{9A19103F-16F7-4668-BE54-9A1E7A4F7556}") = "CSharp.Authorization.Token", "CSharp.Authorization.Token\CSharp.Authorization.Token.csproj", "{EC3DFC2C-A312-4EA6-BE61-FA25C9D23562}"
EndProject
Project("{9A19103F-16F7-4668-BE54-9A1E7A4F7556}") = "CSharp.Efcore.Migrations", "CSharp.Efcore.Migrations\CSharp.Efcore.Migrations.csproj", "{91919B06-8370-4F59-99FC-6B12662005F4}"
EndProject
Project("{9A19103F-16F7-4668-BE54-9A1E7A4F7556}") = "CSharp.RestAPI.Repository", "CSharp.RestAPI.Repository\CSharp.RestAPI.Repository.csproj", "{E35D13A2-C46C-4CE3-B530-2D07C34895F0}"
EndProject
Project("{2150E333-8FDC-42A3-9474-1A3956D46DE8}") = "Tests", "Tests", "{16BB5359-B1F9-47E2-BF02-4F74EA2D3BCD}"
EndProject
Project("{9A19103F-16F7-4668-BE54-9A1E7A4F7556}") = "CSharp.RestAPI.RepositoryTests", "Tests\CSharp.RestAPI.RepositoryTests\CSharp.RestAPI.RepositoryTests.csproj", "{5D53FEEA-B295-4CDE-9E57-C0A39E7E69B8}"
EndProject
Project("{9A19103F-16F7-4668-BE54-9A1E7A4F7556}") = "CSharp.WPF.MVVM", "CSharp.WPF.MVVM\CSharp.WPF.MVVM.csproj", "{18EE4D1D-FAA2-4184-ABF3-772884039106}"
EndProject
Project("{9A19103F-16F7-4668-BE54-9A1E7A4F7556}") = "CSharp.WPF.Style", "CSharp.WPF.Style\CSharp.WPF.Style.csproj", "{DBDB8A91-CDAD-4E52-A297-E0F2AEC5F5C8}"
EndProject
Project("{9A19103F-16F7-4668-BE54-9A1E7A4F7556}") = "CSharp.Kafka.Server", "CSharp.Kafka.Server\CSharp.Kafka.Server.csproj", "{974E5408-F073-4E9F-A259-6990BC2EACF0}"
EndProject
Project("{FAE04EC0-301F-11D3-BF4B-00C04F79EFBC}") = "CSharp.SocketNetwork", "CSharp.SocketNetwork\CSharp.SocketNetwork.csproj", "{D97E42EB-939B-4727-BA37-1BAA83182D65}"
EndProject
Project("{FAE04EC0-301F-11D3-BF4B-00C04F79EFBC}") = "CSharp.WindowsService", "CSharp.WindowsService\CSharp.WindowsService.csproj", "{CA084CE7-65B3-4BCE-B8B6-AAB7C2DB6F92}"
EndProject
Project("{FAE04EC0-301F-11D3-BF4B-00C04F79EFBC}") = "CSharp.Protobuf", "CSharp.Protobuf\CSharp.Protobuf.csproj", "{0D835C56-636C-4935-9AFD-65F9C5FA8DF2}"
EndProject
Project("{FAE04EC0-301F-11D3-BF4B-00C04F79EFBC}") = "CSharp.Protobuf.Server", "CSharp.Protobuf.Server\CSharp.Protobuf.Server.csproj", "{D6827F3E-F7C8-4F4A-BD5D-CB7B4BA71D7C}"
EndProject
Project("{FAE04EC0-301F-11D3-BF4B-00C04F79EFBC}") = "CSharp.Protobuf.Client", "CSharp.Protobuf.Client\CSharp.Protobuf.Client.csproj", "{C75677B8-E660-4BAC-BDD1-C07B74B2DE3F}"
EndProject
Global
	GlobalSection(SolutionConfigurationPlatforms) = preSolution
		Debug|Any CPU = Debug|Any CPU
		Release|Any CPU = Release|Any CPU
	EndGlobalSection
	GlobalSection(ProjectConfigurationPlatforms) = postSolution
		{27652751-CA3A-4490-ACFE-E0389E0C9530}.Debug|Any CPU.ActiveCfg = Debug|Any CPU
		{27652751-CA3A-4490-ACFE-E0389E0C9530}.Debug|Any CPU.Build.0 = Debug|Any CPU
		{27652751-CA3A-4490-ACFE-E0389E0C9530}.Release|Any CPU.ActiveCfg = Release|Any CPU
		{27652751-CA3A-4490-ACFE-E0389E0C9530}.Release|Any CPU.Build.0 = Release|Any CPU
		{C6E3AF18-487A-4D55-8F8E-54D6468B0887}.Debug|Any CPU.ActiveCfg = Debug|Any CPU
		{C6E3AF18-487A-4D55-8F8E-54D6468B0887}.Debug|Any CPU.Build.0 = Debug|Any CPU
		{C6E3AF18-487A-4D55-8F8E-54D6468B0887}.Release|Any CPU.ActiveCfg = Release|Any CPU
		{C6E3AF18-487A-4D55-8F8E-54D6468B0887}.Release|Any CPU.Build.0 = Release|Any CPU
		{5082E4E8-013D-4C5D-BB7F-F6A1DA98C994}.Debug|Any CPU.ActiveCfg = Debug|Any CPU
		{5082E4E8-013D-4C5D-BB7F-F6A1DA98C994}.Debug|Any CPU.Build.0 = Debug|Any CPU
		{5082E4E8-013D-4C5D-BB7F-F6A1DA98C994}.Release|Any CPU.ActiveCfg = Release|Any CPU
		{5082E4E8-013D-4C5D-BB7F-F6A1DA98C994}.Release|Any CPU.Build.0 = Release|Any CPU
		{CF369B29-DD08-4A28-9E4E-D033C133B885}.Debug|Any CPU.ActiveCfg = Debug|Any CPU
		{CF369B29-DD08-4A28-9E4E-D033C133B885}.Debug|Any CPU.Build.0 = Debug|Any CPU
		{CF369B29-DD08-4A28-9E4E-D033C133B885}.Release|Any CPU.ActiveCfg = Release|Any CPU
		{CF369B29-DD08-4A28-9E4E-D033C133B885}.Release|Any CPU.Build.0 = Release|Any CPU
		{EC3DFC2C-A312-4EA6-BE61-FA25C9D23562}.Debug|Any CPU.ActiveCfg = Debug|Any CPU
		{EC3DFC2C-A312-4EA6-BE61-FA25C9D23562}.Debug|Any CPU.Build.0 = Debug|Any CPU
		{EC3DFC2C-A312-4EA6-BE61-FA25C9D23562}.Release|Any CPU.ActiveCfg = Release|Any CPU
		{EC3DFC2C-A312-4EA6-BE61-FA25C9D23562}.Release|Any CPU.Build.0 = Release|Any CPU
		{91919B06-8370-4F59-99FC-6B12662005F4}.Debug|Any CPU.ActiveCfg = Debug|Any CPU
		{91919B06-8370-4F59-99FC-6B12662005F4}.Debug|Any CPU.Build.0 = Debug|Any CPU
		{91919B06-8370-4F59-99FC-6B12662005F4}.Release|Any CPU.ActiveCfg = Release|Any CPU
		{91919B06-8370-4F59-99FC-6B12662005F4}.Release|Any CPU.Build.0 = Release|Any CPU
		{E35D13A2-C46C-4CE3-B530-2D07C34895F0}.Debug|Any CPU.ActiveCfg = Debug|Any CPU
		{E35D13A2-C46C-4CE3-B530-2D07C34895F0}.Debug|Any CPU.Build.0 = Debug|Any CPU
		{E35D13A2-C46C-4CE3-B530-2D07C34895F0}.Release|Any CPU.ActiveCfg = Release|Any CPU
		{E35D13A2-C46C-4CE3-B530-2D07C34895F0}.Release|Any CPU.Build.0 = Release|Any CPU
		{5D53FEEA-B295-4CDE-9E57-C0A39E7E69B8}.Debug|Any CPU.ActiveCfg = Debug|Any CPU
		{5D53FEEA-B295-4CDE-9E57-C0A39E7E69B8}.Debug|Any CPU.Build.0 = Debug|Any CPU
		{5D53FEEA-B295-4CDE-9E57-C0A39E7E69B8}.Release|Any CPU.ActiveCfg = Release|Any CPU
		{5D53FEEA-B295-4CDE-9E57-C0A39E7E69B8}.Release|Any CPU.Build.0 = Release|Any CPU
		{18EE4D1D-FAA2-4184-ABF3-772884039106}.Debug|Any CPU.ActiveCfg = Debug|Any CPU
		{18EE4D1D-FAA2-4184-ABF3-772884039106}.Debug|Any CPU.Build.0 = Debug|Any CPU
		{18EE4D1D-FAA2-4184-ABF3-772884039106}.Release|Any CPU.ActiveCfg = Release|Any CPU
		{18EE4D1D-FAA2-4184-ABF3-772884039106}.Release|Any CPU.Build.0 = Release|Any CPU
		{DBDB8A91-CDAD-4E52-A297-E0F2AEC5F5C8}.Debug|Any CPU.ActiveCfg = Debug|Any CPU
		{DBDB8A91-CDAD-4E52-A297-E0F2AEC5F5C8}.Debug|Any CPU.Build.0 = Debug|Any CPU
		{DBDB8A91-CDAD-4E52-A297-E0F2AEC5F5C8}.Release|Any CPU.ActiveCfg = Release|Any CPU
		{DBDB8A91-CDAD-4E52-A297-E0F2AEC5F5C8}.Release|Any CPU.Build.0 = Release|Any CPU
		{974E5408-F073-4E9F-A259-6990BC2EACF0}.Debug|Any CPU.ActiveCfg = Debug|Any CPU
		{974E5408-F073-4E9F-A259-6990BC2EACF0}.Debug|Any CPU.Build.0 = Debug|Any CPU
		{974E5408-F073-4E9F-A259-6990BC2EACF0}.Release|Any CPU.ActiveCfg = Release|Any CPU
		{974E5408-F073-4E9F-A259-6990BC2EACF0}.Release|Any CPU.Build.0 = Release|Any CPU
		{D97E42EB-939B-4727-BA37-1BAA83182D65}.Debug|Any CPU.ActiveCfg = Debug|Any CPU
		{D97E42EB-939B-4727-BA37-1BAA83182D65}.Debug|Any CPU.Build.0 = Debug|Any CPU
		{D97E42EB-939B-4727-BA37-1BAA83182D65}.Release|Any CPU.ActiveCfg = Release|Any CPU
		{D97E42EB-939B-4727-BA37-1BAA83182D65}.Release|Any CPU.Build.0 = Release|Any CPU
		{CA084CE7-65B3-4BCE-B8B6-AAB7C2DB6F92}.Debug|Any CPU.ActiveCfg = Debug|Any CPU
		{CA084CE7-65B3-4BCE-B8B6-AAB7C2DB6F92}.Debug|Any CPU.Build.0 = Debug|Any CPU
		{CA084CE7-65B3-4BCE-B8B6-AAB7C2DB6F92}.Release|Any CPU.ActiveCfg = Release|Any CPU
		{CA084CE7-65B3-4BCE-B8B6-AAB7C2DB6F92}.Release|Any CPU.Build.0 = Release|Any CPU
		{0D835C56-636C-4935-9AFD-65F9C5FA8DF2}.Debug|Any CPU.ActiveCfg = Debug|Any CPU
		{0D835C56-636C-4935-9AFD-65F9C5FA8DF2}.Debug|Any CPU.Build.0 = Debug|Any CPU
		{0D835C56-636C-4935-9AFD-65F9C5FA8DF2}.Release|Any CPU.ActiveCfg = Release|Any CPU
		{0D835C56-636C-4935-9AFD-65F9C5FA8DF2}.Release|Any CPU.Build.0 = Release|Any CPU
		{D6827F3E-F7C8-4F4A-BD5D-CB7B4BA71D7C}.Debug|Any CPU.ActiveCfg = Debug|Any CPU
		{D6827F3E-F7C8-4F4A-BD5D-CB7B4BA71D7C}.Debug|Any CPU.Build.0 = Debug|Any CPU
		{D6827F3E-F7C8-4F4A-BD5D-CB7B4BA71D7C}.Release|Any CPU.ActiveCfg = Release|Any CPU
		{D6827F3E-F7C8-4F4A-BD5D-CB7B4BA71D7C}.Release|Any CPU.Build.0 = Release|Any CPU
		{C75677B8-E660-4BAC-BDD1-C07B74B2DE3F}.Debug|Any CPU.ActiveCfg = Debug|Any CPU
		{C75677B8-E660-4BAC-BDD1-C07B74B2DE3F}.Debug|Any CPU.Build.0 = Debug|Any CPU
		{C75677B8-E660-4BAC-BDD1-C07B74B2DE3F}.Release|Any CPU.ActiveCfg = Release|Any CPU
		{C75677B8-E660-4BAC-BDD1-C07B74B2DE3F}.Release|Any CPU.Build.0 = Release|Any CPU
	EndGlobalSection
	GlobalSection(SolutionProperties) = preSolution
		HideSolutionNode = FALSE
	EndGlobalSection
	GlobalSection(NestedProjects) = preSolution
		{5D53FEEA-B295-4CDE-9E57-C0A39E7E69B8} = {16BB5359-B1F9-47E2-BF02-4F74EA2D3BCD}
	EndGlobalSection
	GlobalSection(ExtensibilityGlobals) = postSolution
		SolutionGuid = {9768D6F2-7A65-4860-A732-03AC0FDB65D3}
	EndGlobalSection
EndGlobal
